
Microsoft Visual Studio Solution File, Format Version 12.00
# Visual Studio 15
Project("{FAE04EC0-301F-11D3-BF4B-00C04F79EFBC}") = "OAcoding", "OAcoding.csproj", "{E81043A1-1CA5-4B81-BF62-64AA0A58BBE3}"
EndProject
Project("{FAE04EC0-301F-11D3-BF4B-00C04F79EFBC}") = "OAcoding.ZombieinMatrix", "OAcoding.ZombieinMatrix\OAcoding.ZombieinMatrix.csproj", "{EDBD10BC-94B8-4609-9FD8-138C325DCEC4}"
EndProject
Project("{FAE04EC0-301F-11D3-BF4B-00C04F79EFBC}") = "OAcoding.CriticalConnetions", "OAcoding.CriticalConnetions\OAcoding.CriticalConnetions.csproj", "{9D1BA2A0-9FC4-467C-9B75-0F1D157F0873}"
EndProject
Project("{FAE04EC0-301F-11D3-BF4B-00C04F79EFBC}") = "OAcoding.ProductSuggestions", "OAcoding.ProductSuggestions\OAcoding.ProductSuggestions.csproj", "{F78A9B84-F0AE-465E-8BE5-5E3E47D251BE}"
EndProject
Project("{FAE04EC0-301F-11D3-BF4B-00C04F79EFBC}") = "OAcoding.NumberIslands", "OAcoding.NumberIslands\OAcoding.NumberIslands.csproj", "{0CF2122E-4DDF-4C27-922D-469CF782B866}"
EndProject
Project("{FAE04EC0-301F-11D3-BF4B-00C04F79EFBC}") = "OAcoding.ReorderLogFiles", "OAcoding.ReorderLogFiles\OAcoding.ReorderLogFiles.csproj", "{1EF62CFE-C7A6-4A07-B89B-110AEFED3B7A}"
EndProject
Project("{FAE04EC0-301F-11D3-BF4B-00C04F79EFBC}") = "OAcoding.OptimalUtilization", "OAcoding.OptimalUtilization\OAcoding.OptimalUtilization.csproj", "{75085015-573E-4CCC-A43F-FC63DA7BD38A}"
EndProject
Project("{FAE04EC0-301F-11D3-BF4B-00C04F79EFBC}") = "OAcoding.TopNBuzzwords", "OAcoding.TopNBuzzwords\OAcoding.TopNBuzzwords.csproj", "{4755713F-D808-493E-BCBF-78F66D6C6D04}"
EndProject
Project("{FAE04EC0-301F-11D3-BF4B-00C04F79EFBC}") = "OAcoding.MinTimeToMergeFiles", "OAcoding.MinTimeToMergeFiles\OAcoding.MinTimeToMergeFiles.csproj", "{E2055473-8079-49A4-B471-BBF2D2A09107}"
EndProject
Global
	GlobalSection(SolutionConfigurationPlatforms) = preSolution
		Debug|anycpu = Debug|anycpu
		Release|anycpu = Release|anycpu
	EndGlobalSection
	GlobalSection(ProjectConfigurationPlatforms) = postSolution
		{E81043A1-1CA5-4B81-BF62-64AA0A58BBE3}.Debug|anycpu.ActiveCfg = Debug|anycpu
		{E81043A1-1CA5-4B81-BF62-64AA0A58BBE3}.Debug|anycpu.Build.0 = Debug|anycpu
		{E81043A1-1CA5-4B81-BF62-64AA0A58BBE3}.Release|anycpu.ActiveCfg = Release|anycpu
		{E81043A1-1CA5-4B81-BF62-64AA0A58BBE3}.Release|anycpu.Build.0 = Release|anycpu
		{EDBD10BC-94B8-4609-9FD8-138C325DCEC4}.Debug|anycpu.ActiveCfg = Debug|anycpu
		{EDBD10BC-94B8-4609-9FD8-138C325DCEC4}.Debug|anycpu.Build.0 = Debug|anycpu
		{EDBD10BC-94B8-4609-9FD8-138C325DCEC4}.Release|anycpu.ActiveCfg = Release|anycpu
		{EDBD10BC-94B8-4609-9FD8-138C325DCEC4}.Release|anycpu.Build.0 = Release|anycpu
		{9D1BA2A0-9FC4-467C-9B75-0F1D157F0873}.Debug|anycpu.ActiveCfg = Debug|anycpu
		{9D1BA2A0-9FC4-467C-9B75-0F1D157F0873}.Debug|anycpu.Build.0 = Debug|anycpu
		{9D1BA2A0-9FC4-467C-9B75-0F1D157F0873}.Release|anycpu.ActiveCfg = Release|anycpu
		{9D1BA2A0-9FC4-467C-9B75-0F1D157F0873}.Release|anycpu.Build.0 = Release|anycpu
		{F78A9B84-F0AE-465E-8BE5-5E3E47D251BE}.Debug|anycpu.ActiveCfg = Debug|anycpu
		{F78A9B84-F0AE-465E-8BE5-5E3E47D251BE}.Debug|anycpu.Build.0 = Debug|anycpu
		{F78A9B84-F0AE-465E-8BE5-5E3E47D251BE}.Release|anycpu.ActiveCfg = Release|anycpu
		{F78A9B84-F0AE-465E-8BE5-5E3E47D251BE}.Release|anycpu.Build.0 = Release|anycpu
		{0CF2122E-4DDF-4C27-922D-469CF782B866}.Debug|anycpu.ActiveCfg = Debug|anycpu
		{0CF2122E-4DDF-4C27-922D-469CF782B866}.Debug|anycpu.Build.0 = Debug|anycpu
		{0CF2122E-4DDF-4C27-922D-469CF782B866}.Release|anycpu.ActiveCfg = Release|anycpu
		{0CF2122E-4DDF-4C27-922D-469CF782B866}.Release|anycpu.Build.0 = Release|anycpu
		{1EF62CFE-C7A6-4A07-B89B-110AEFED3B7A}.Debug|anycpu.ActiveCfg = Debug|anycpu
		{1EF62CFE-C7A6-4A07-B89B-110AEFED3B7A}.Debug|anycpu.Build.0 = Debug|anycpu
		{1EF62CFE-C7A6-4A07-B89B-110AEFED3B7A}.Release|anycpu.ActiveCfg = Release|anycpu
		{1EF62CFE-C7A6-4A07-B89B-110AEFED3B7A}.Release|anycpu.Build.0 = Release|anycpu
		{75085015-573E-4CCC-A43F-FC63DA7BD38A}.Debug|anycpu.ActiveCfg = Debug|anycpu
		{75085015-573E-4CCC-A43F-FC63DA7BD38A}.Debug|anycpu.Build.0 = Debug|anycpu
		{75085015-573E-4CCC-A43F-FC63DA7BD38A}.Release|anycpu.ActiveCfg = Release|anycpu
		{75085015-573E-4CCC-A43F-FC63DA7BD38A}.Release|anycpu.Build.0 = Release|anycpu
		{4755713F-D808-493E-BCBF-78F66D6C6D04}.Debug|anycpu.ActiveCfg = Debug|anycpu
		{4755713F-D808-493E-BCBF-78F66D6C6D04}.Debug|anycpu.Build.0 = Debug|anycpu
		{4755713F-D808-493E-BCBF-78F66D6C6D04}.Release|anycpu.ActiveCfg = Release|anycpu
		{4755713F-D808-493E-BCBF-78F66D6C6D04}.Release|anycpu.Build.0 = Release|anycpu
		{E2055473-8079-49A4-B471-BBF2D2A09107}.Debug|anycpu.ActiveCfg = Debug|anycpu
		{E2055473-8079-49A4-B471-BBF2D2A09107}.Debug|anycpu.Build.0 = Debug|anycpu
		{E2055473-8079-49A4-B471-BBF2D2A09107}.Release|anycpu.ActiveCfg = Release|anycpu
		{E2055473-8079-49A4-B471-BBF2D2A09107}.Release|anycpu.Build.0 = Release|anycpu
	EndGlobalSection
EndGlobal
